// !$*UTF8*$!
{
	archiveVersion = 1;
	classes = {
	};
	objectVersion = 56;
	objects = {

/* Begin PBXBuildFile section */
		A837C7CF2B3062C000E0B988 /* PointsView.swift in Sources */ = {isa = PBXBuildFile; fileRef = A837C7CE2B3062C000E0B988 /* PointsView.swift */; };
		A86248D82B320C0700B75703 /* DataManager.swift in Sources */ = {isa = PBXBuildFile; fileRef = A86248D72B320C0700B75703 /* DataManager.swift */; };
		A86248DD2B320F8C00B75703 /* CoreDataPi.xcdatamodeld in Sources */ = {isa = PBXBuildFile; fileRef = A86248DB2B320F8C00B75703 /* CoreDataPi.xcdatamodeld */; };
		A86248EB2B32146900B75703 /* BestResultItem+CoreDataClass.swift in Sources */ = {isa = PBXBuildFile; fileRef = A86248EA2B32146900B75703 /* BestResultItem+CoreDataClass.swift */; };
		A86248ED2B32148F00B75703 /* BestResultItem+CoreDataProperties.swift in Sources */ = {isa = PBXBuildFile; fileRef = A86248EC2B32148F00B75703 /* BestResultItem+CoreDataProperties.swift */; };
		A8AB28162B30B75100DB97AF /* MonteCarloPoint.swift in Sources */ = {isa = PBXBuildFile; fileRef = A8AB28152B30B75100DB97AF /* MonteCarloPoint.swift */; };
		A8AB28192B30D16B00DB97AF /* BottomBar.swift in Sources */ = {isa = PBXBuildFile; fileRef = A8AB28182B30D16B00DB97AF /* BottomBar.swift */; };
		A8AB281B2B3186F900DB97AF /* MonteCarloView.swift in Sources */ = {isa = PBXBuildFile; fileRef = A8AB281A2B3186F900DB97AF /* MonteCarloView.swift */; };
		A8BE15B12B4C028F0084626B /* StatisticsView.swift in Sources */ = {isa = PBXBuildFile; fileRef = A8BE15B02B4C028F0084626B /* StatisticsView.swift */; };
		A8BE15B32B4C02B00084626B /* ExplanationsView.swift in Sources */ = {isa = PBXBuildFile; fileRef = A8BE15B22B4C02B00084626B /* ExplanationsView.swift */; };
		A8CF852B2B2F009600184FED /* PIMonteCarloApp.swift in Sources */ = {isa = PBXBuildFile; fileRef = A8CF852A2B2F009600184FED /* PIMonteCarloApp.swift */; };
		A8CF852D2B2F009600184FED /* ContentView.swift in Sources */ = {isa = PBXBuildFile; fileRef = A8CF852C2B2F009600184FED /* ContentView.swift */; };
		A8CF85312B2F009700184FED /* Assets.xcassets in Resources */ = {isa = PBXBuildFile; fileRef = A8CF85302B2F009700184FED /* Assets.xcassets */; };
		A8CF85342B2F009700184FED /* Preview Assets.xcassets in Resources */ = {isa = PBXBuildFile; fileRef = A8CF85332B2F009700184FED /* Preview Assets.xcassets */; };
		A8CF853F2B2F013000184FED /* MonteCarloController.swift in Sources */ = {isa = PBXBuildFile; fileRef = A8CF853E2B2F013000184FED /* MonteCarloController.swift */; };
/* End PBXBuildFile section */

/* Begin PBXFileReference section */
		A837C7CE2B3062C000E0B988 /* PointsView.swift */ = {isa = PBXFileReference; lastKnownFileType = sourcecode.swift; path = PointsView.swift; sourceTree = "<group>"; };
		A86248D72B320C0700B75703 /* DataManager.swift */ = {isa = PBXFileReference; lastKnownFileType = sourcecode.swift; path = DataManager.swift; sourceTree = "<group>"; };
		A86248DC2B320F8C00B75703 /* CoreDataPi.xcdatamodel */ = {isa = PBXFileReference; lastKnownFileType = wrapper.xcdatamodel; path = CoreDataPi.xcdatamodel; sourceTree = "<group>"; };
		A86248EA2B32146900B75703 /* BestResultItem+CoreDataClass.swift */ = {isa = PBXFileReference; lastKnownFileType = sourcecode.swift; path = "BestResultItem+CoreDataClass.swift"; sourceTree = "<group>"; };
		A86248EC2B32148F00B75703 /* BestResultItem+CoreDataProperties.swift */ = {isa = PBXFileReference; lastKnownFileType = sourcecode.swift; path = "BestResultItem+CoreDataProperties.swift"; sourceTree = "<group>"; };
		A8AB28152B30B75100DB97AF /* MonteCarloPoint.swift */ = {isa = PBXFileReference; lastKnownFileType = sourcecode.swift; path = MonteCarloPoint.swift; sourceTree = "<group>"; };
		A8AB28182B30D16B00DB97AF /* BottomBar.swift */ = {isa = PBXFileReference; lastKnownFileType = sourcecode.swift; path = BottomBar.swift; sourceTree = "<group>"; };
		A8AB281A2B3186F900DB97AF /* MonteCarloView.swift */ = {isa = PBXFileReference; lastKnownFileType = sourcecode.swift; path = MonteCarloView.swift; sourceTree = "<group>"; };
		A8BE15B02B4C028F0084626B /* StatisticsView.swift */ = {isa = PBXFileReference; fileEncoding = 4; lastKnownFileType = sourcecode.swift; path = StatisticsView.swift; sourceTree = "<group>"; };
		A8BE15B22B4C02B00084626B /* ExplanationsView.swift */ = {isa = PBXFileReference; lastKnownFileType = sourcecode.swift; path = ExplanationsView.swift; sourceTree = "<group>"; };
		A8CF85272B2F009600184FED /* PIMonteCarlo.app */ = {isa = PBXFileReference; explicitFileType = wrapper.application; includeInIndex = 0; path = PIMonteCarlo.app; sourceTree = BUILT_PRODUCTS_DIR; };
		A8CF852A2B2F009600184FED /* PIMonteCarloApp.swift */ = {isa = PBXFileReference; lastKnownFileType = sourcecode.swift; path = PIMonteCarloApp.swift; sourceTree = "<group>"; };
		A8CF852C2B2F009600184FED /* ContentView.swift */ = {isa = PBXFileReference; lastKnownFileType = sourcecode.swift; path = ContentView.swift; sourceTree = "<group>"; };
		A8CF85302B2F009700184FED /* Assets.xcassets */ = {isa = PBXFileReference; lastKnownFileType = folder.assetcatalog; path = Assets.xcassets; sourceTree = "<group>"; };
		A8CF85332B2F009700184FED /* Preview Assets.xcassets */ = {isa = PBXFileReference; lastKnownFileType = folder.assetcatalog; path = "Preview Assets.xcassets"; sourceTree = "<group>"; };
		A8CF853E2B2F013000184FED /* MonteCarloController.swift */ = {isa = PBXFileReference; lastKnownFileType = sourcecode.swift; path = MonteCarloController.swift; sourceTree = "<group>"; };
/* End PBXFileReference section */

/* Begin PBXFrameworksBuildPhase section */
		A8CF85242B2F009600184FED /* Frameworks */ = {
			isa = PBXFrameworksBuildPhase;
			buildActionMask = 2147483647;
			files = (
			);
			runOnlyForDeploymentPostprocessing = 0;
		};
/* End PBXFrameworksBuildPhase section */

/* Begin PBXGroup section */
		A83E9A082B31CB2400BE3319 /* Components */ = {
			isa = PBXGroup;
			children = (
				A837C7CE2B3062C000E0B988 /* PointsView.swift */,
			);
			path = Components;
			sourceTree = "<group>";
		};
		A86248CD2B32071600B75703 /* CoreData */ = {
			isa = PBXGroup;
			children = (
				A86248D72B320C0700B75703 /* DataManager.swift */,
				A86248EA2B32146900B75703 /* BestResultItem+CoreDataClass.swift */,
				A86248EC2B32148F00B75703 /* BestResultItem+CoreDataProperties.swift */,
			);
			path = CoreData;
			sourceTree = "<group>";
		};
		A8AB28172B30D15200DB97AF /* Menu */ = {
			isa = PBXGroup;
			children = (
				A8AB28182B30D16B00DB97AF /* BottomBar.swift */,
			);
			path = Menu;
			sourceTree = "<group>";
		};
		A8CF851E2B2F009500184FED = {
			isa = PBXGroup;
			children = (
				A8CF85292B2F009600184FED /* PIMonteCarlo */,
				A8CF85282B2F009600184FED /* Products */,
			);
			sourceTree = "<group>";
		};
		A8CF85282B2F009600184FED /* Products */ = {
			isa = PBXGroup;
			children = (
				A8CF85272B2F009600184FED /* PIMonteCarlo.app */,
			);
			name = Products;
			sourceTree = "<group>";
		};
		A8CF85292B2F009600184FED /* PIMonteCarlo */ = {
			isa = PBXGroup;
			children = (
				A86248CD2B32071600B75703 /* CoreData */,
				A8CF853D2B2F010800184FED /* Views */,
				A8CF853C2B2F00FF00184FED /* Controllers */,
				A8CF853A2B2F00CF00184FED /* Models */,
				A8CF852A2B2F009600184FED /* PIMonteCarloApp.swift */,
				A8CF852C2B2F009600184FED /* ContentView.swift */,
				A8CF85302B2F009700184FED /* Assets.xcassets */,
				A8CF85322B2F009700184FED /* Preview Content */,
				A86248DB2B320F8C00B75703 /* CoreDataPi.xcdatamodeld */,
			);
			path = PIMonteCarlo;
			sourceTree = "<group>";
		};
		A8CF85322B2F009700184FED /* Preview Content */ = {
			isa = PBXGroup;
			children = (
				A8CF85332B2F009700184FED /* Preview Assets.xcassets */,
			);
			path = "Preview Content";
			sourceTree = "<group>";
		};
		A8CF853A2B2F00CF00184FED /* Models */ = {
			isa = PBXGroup;
			children = (
				A8AB28152B30B75100DB97AF /* MonteCarloPoint.swift */,
			);
			path = Models;
			sourceTree = "<group>";
		};
		A8CF853C2B2F00FF00184FED /* Controllers */ = {
			isa = PBXGroup;
			children = (
				A8CF853E2B2F013000184FED /* MonteCarloController.swift */,
			);
			path = Controllers;
			sourceTree = "<group>";
		};
		A8CF853D2B2F010800184FED /* Views */ = {
			isa = PBXGroup;
			children = (
				A83E9A082B31CB2400BE3319 /* Components */,
				A8AB28172B30D15200DB97AF /* Menu */,
				A8BE15B02B4C028F0084626B /* StatisticsView.swift */,
				A8AB281A2B3186F900DB97AF /* MonteCarloView.swift */,
				A8BE15B22B4C02B00084626B /* ExplanationsView.swift */,
			);
			path = Views;
			sourceTree = "<group>";
		};
/* End PBXGroup section */

/* Begin PBXNativeTarget section */
		A8CF85262B2F009600184FED /* PIMonteCarlo */ = {
			isa = PBXNativeTarget;
			buildConfigurationList = A8CF85372B2F009700184FED /* Build configuration list for PBXNativeTarget "PIMonteCarlo" */;
			buildPhases = (
				A8CF85232B2F009600184FED /* Sources */,
				A8CF85242B2F009600184FED /* Frameworks */,
				A8CF85252B2F009600184FED /* Resources */,
			);
			buildRules = (
			);
			dependencies = (
			);
			name = PIMonteCarlo;
			packageProductDependencies = (
			);
			productName = PIMonteCarlo;
			productReference = A8CF85272B2F009600184FED /* PIMonteCarlo.app */;
			productType = "com.apple.product-type.application";
		};
/* End PBXNativeTarget section */

/* Begin PBXProject section */
		A8CF851F2B2F009500184FED /* Project object */ = {
			isa = PBXProject;
			attributes = {
				BuildIndependentTargetsInParallel = 1;
				LastSwiftUpdateCheck = 1500;
				LastUpgradeCheck = 1500;
				TargetAttributes = {
					A8CF85262B2F009600184FED = {
						CreatedOnToolsVersion = 15.0;
					};
				};
			};
			buildConfigurationList = A8CF85222B2F009500184FED /* Build configuration list for PBXProject "PIMonteCarlo" */;
			compatibilityVersion = "Xcode 14.0";
			developmentRegion = en;
			hasScannedForEncodings = 0;
			knownRegions = (
				en,
				Base,
			);
			mainGroup = A8CF851E2B2F009500184FED;
			packageReferences = (
			);
			productRefGroup = A8CF85282B2F009600184FED /* Products */;
			projectDirPath = "";
			projectRoot = "";
			targets = (
				A8CF85262B2F009600184FED /* PIMonteCarlo */,
			);
		};
/* End PBXProject section */

/* Begin PBXResourcesBuildPhase section */
		A8CF85252B2F009600184FED /* Resources */ = {
			isa = PBXResourcesBuildPhase;
			buildActionMask = 2147483647;
			files = (
				A8CF85342B2F009700184FED /* Preview Assets.xcassets in Resources */,
				A8CF85312B2F009700184FED /* Assets.xcassets in Resources */,
			);
			runOnlyForDeploymentPostprocessing = 0;
		};
/* End PBXResourcesBuildPhase section */

/* Begin PBXSourcesBuildPhase section */
		A8CF85232B2F009600184FED /* Sources */ = {
			isa = PBXSourcesBuildPhase;
			buildActionMask = 2147483647;
			files = (
				A8CF852D2B2F009600184FED /* ContentView.swift in Sources */,
				A86248EB2B32146900B75703 /* BestResultItem+CoreDataClass.swift in Sources */,
				A86248D82B320C0700B75703 /* DataManager.swift in Sources */,
				A8CF853F2B2F013000184FED /* MonteCarloController.swift in Sources */,
				A8CF852B2B2F009600184FED /* PIMonteCarloApp.swift in Sources */,
				A8BE15B12B4C028F0084626B /* StatisticsView.swift in Sources */,
				A8AB28192B30D16B00DB97AF /* BottomBar.swift in Sources */,
				A837C7CF2B3062C000E0B988 /* PointsView.swift in Sources */,
				A8BE15B32B4C02B00084626B /* ExplanationsView.swift in Sources */,
				A8AB281B2B3186F900DB97AF /* MonteCarloView.swift in Sources */,
				A86248ED2B32148F00B75703 /* BestResultItem+CoreDataProperties.swift in Sources */,
				A8AB28162B30B75100DB97AF /* MonteCarloPoint.swift in Sources */,
				A86248DD2B320F8C00B75703 /* CoreDataPi.xcdatamodeld in Sources */,
			);
			runOnlyForDeploymentPostprocessing = 0;
		};
/* End PBXSourcesBuildPhase section */

/* Begin XCBuildConfiguration section */
		A8CF85352B2F009700184FED /* Debug */ = {
			isa = XCBuildConfiguration;
			buildSettings = {
				ALWAYS_SEARCH_USER_PATHS = NO;
				ASSETCATALOG_COMPILER_GENERATE_SWIFT_ASSET_SYMBOL_EXTENSIONS = YES;
				CLANG_ANALYZER_NONNULL = YES;
				CLANG_ANALYZER_NUMBER_OBJECT_CONVERSION = YES_AGGRESSIVE;
				CLANG_CXX_LANGUAGE_STANDARD = "gnu++20";
				CLANG_ENABLE_MODULES = YES;
				CLANG_ENABLE_OBJC_ARC = YES;
				CLANG_ENABLE_OBJC_WEAK = YES;
				CLANG_WARN_BLOCK_CAPTURE_AUTORELEASING = YES;
				CLANG_WARN_BOOL_CONVERSION = YES;
				CLANG_WARN_COMMA = YES;
				CLANG_WARN_CONSTANT_CONVERSION = YES;
				CLANG_WARN_DEPRECATED_OBJC_IMPLEMENTATIONS = YES;
				CLANG_WARN_DIRECT_OBJC_ISA_USAGE = YES_ERROR;
				CLANG_WARN_DOCUMENTATION_COMMENTS = YES;
				CLANG_WARN_EMPTY_BODY = YES;
				CLANG_WARN_ENUM_CONVERSION = YES;
				CLANG_WARN_INFINITE_RECURSION = YES;
				CLANG_WARN_INT_CONVERSION = YES;
				CLANG_WARN_NON_LITERAL_NULL_CONVERSION = YES;
				CLANG_WARN_OBJC_IMPLICIT_RETAIN_SELF = YES;
				CLANG_WARN_OBJC_LITERAL_CONVERSION = YES;
				CLANG_WARN_OBJC_ROOT_CLASS = YES_ERROR;
				CLANG_WARN_QUOTED_INCLUDE_IN_FRAMEWORK_HEADER = YES;
				CLANG_WARN_RANGE_LOOP_ANALYSIS = YES;
				CLANG_WARN_STRICT_PROTOTYPES = YES;
				CLANG_WARN_SUSPICIOUS_MOVE = YES;
				CLANG_WARN_UNGUARDED_AVAILABILITY = YES_AGGRESSIVE;
				CLANG_WARN_UNREACHABLE_CODE = YES;
				CLANG_WARN__DUPLICATE_METHOD_MATCH = YES;
				COPY_PHASE_STRIP = NO;
				DEBUG_INFORMATION_FORMAT = dwarf;
				ENABLE_STRICT_OBJC_MSGSEND = YES;
				ENABLE_TESTABILITY = YES;
				ENABLE_USER_SCRIPT_SANDBOXING = YES;
				GCC_C_LANGUAGE_STANDARD = gnu17;
				GCC_DYNAMIC_NO_PIC = NO;
				GCC_NO_COMMON_BLOCKS = YES;
				GCC_OPTIMIZATION_LEVEL = 0;
				GCC_PREPROCESSOR_DEFINITIONS = (
					"DEBUG=1",
					"$(inherited)",
				);
				GCC_WARN_64_TO_32_BIT_CONVERSION = YES;
				GCC_WARN_ABOUT_RETURN_TYPE = YES_ERROR;
				GCC_WARN_UNDECLARED_SELECTOR = YES;
				GCC_WARN_UNINITIALIZED_AUTOS = YES_AGGRESSIVE;
				GCC_WARN_UNUSED_FUNCTION = YES;
				GCC_WARN_UNUSED_VARIABLE = YES;
				IPHONEOS_DEPLOYMENT_TARGET = 17.0;
				LOCALIZATION_PREFERS_STRING_CATALOGS = YES;
				MTL_ENABLE_DEBUG_INFO = INCLUDE_SOURCE;
				MTL_FAST_MATH = YES;
				ONLY_ACTIVE_ARCH = YES;
				SDKROOT = iphoneos;
				SWIFT_ACTIVE_COMPILATION_CONDITIONS = "DEBUG $(inherited)";
				SWIFT_OPTIMIZATION_LEVEL = "-Onone";
			};
			name = Debug;
		};
		A8CF85362B2F009700184FED /* Release */ = {
			isa = XCBuildConfiguration;
			buildSettings = {
				ALWAYS_SEARCH_USER_PATHS = NO;
				ASSETCATALOG_COMPILER_GENERATE_SWIFT_ASSET_SYMBOL_EXTENSIONS = YES;
				CLANG_ANALYZER_NONNULL = YES;
				CLANG_ANALYZER_NUMBER_OBJECT_CONVERSION = YES_AGGRESSIVE;
				CLANG_CXX_LANGUAGE_STANDARD = "gnu++20";
				CLANG_ENABLE_MODULES = YES;
				CLANG_ENABLE_OBJC_ARC = YES;
				CLANG_ENABLE_OBJC_WEAK = YES;
				CLANG_WARN_BLOCK_CAPTURE_AUTORELEASING = YES;
				CLANG_WARN_BOOL_CONVERSION = YES;
				CLANG_WARN_COMMA = YES;
				CLANG_WARN_CONSTANT_CONVERSION = YES;
				CLANG_WARN_DEPRECATED_OBJC_IMPLEMENTATIONS = YES;
				CLANG_WARN_DIRECT_OBJC_ISA_USAGE = YES_ERROR;
				CLANG_WARN_DOCUMENTATION_COMMENTS = YES;
				CLANG_WARN_EMPTY_BODY = YES;
				CLANG_WARN_ENUM_CONVERSION = YES;
				CLANG_WARN_INFINITE_RECURSION = YES;
				CLANG_WARN_INT_CONVERSION = YES;
				CLANG_WARN_NON_LITERAL_NULL_CONVERSION = YES;
				CLANG_WARN_OBJC_IMPLICIT_RETAIN_SELF = YES;
				CLANG_WARN_OBJC_LITERAL_CONVERSION = YES;
				CLANG_WARN_OBJC_ROOT_CLASS = YES_ERROR;
				CLANG_WARN_QUOTED_INCLUDE_IN_FRAMEWORK_HEADER = YES;
				CLANG_WARN_RANGE_LOOP_ANALYSIS = YES;
				CLANG_WARN_STRICT_PROTOTYPES = YES;
				CLANG_WARN_SUSPICIOUS_MOVE = YES;
				CLANG_WARN_UNGUARDED_AVAILABILITY = YES_AGGRESSIVE;
				CLANG_WARN_UNREACHABLE_CODE = YES;
				CLANG_WARN__DUPLICATE_METHOD_MATCH = YES;
				COPY_PHASE_STRIP = NO;
				DEBUG_INFORMATION_FORMAT = "dwarf-with-dsym";
				ENABLE_NS_ASSERTIONS = NO;
				ENABLE_STRICT_OBJC_MSGSEND = YES;
				ENABLE_USER_SCRIPT_SANDBOXING = YES;
				GCC_C_LANGUAGE_STANDARD = gnu17;
				GCC_NO_COMMON_BLOCKS = YES;
				GCC_WARN_64_TO_32_BIT_CONVERSION = YES;
				GCC_WARN_ABOUT_RETURN_TYPE = YES_ERROR;
				GCC_WARN_UNDECLARED_SELECTOR = YES;
				GCC_WARN_UNINITIALIZED_AUTOS = YES_AGGRESSIVE;
				GCC_WARN_UNUSED_FUNCTION = YES;
				GCC_WARN_UNUSED_VARIABLE = YES;
				IPHONEOS_DEPLOYMENT_TARGET = 17.0;
				LOCALIZATION_PREFERS_STRING_CATALOGS = YES;
				MTL_ENABLE_DEBUG_INFO = NO;
				MTL_FAST_MATH = YES;
				SDKROOT = iphoneos;
				SWIFT_COMPILATION_MODE = wholemodule;
				VALIDATE_PRODUCT = YES;
			};
			name = Release;
		};
		A8CF85382B2F009700184FED /* Debug */ = {
			isa = XCBuildConfiguration;
			buildSettings = {
				ASSETCATALOG_COMPILER_APPICON_NAME = AppIcon;
				ASSETCATALOG_COMPILER_GLOBAL_ACCENT_COLOR_NAME = AccentColor;
				CODE_SIGN_STYLE = Automatic;
				CURRENT_PROJECT_VERSION = 1;
				DEVELOPMENT_ASSET_PATHS = "\"PIMonteCarlo/Preview Content\"";
				DEVELOPMENT_TEAM = MBL5ZG7XB9;
				ENABLE_PREVIEWS = YES;
				GENERATE_INFOPLIST_FILE = YES;
				INFOPLIST_KEY_UIApplicationSceneManifest_Generation = YES;
				INFOPLIST_KEY_UIApplicationSupportsIndirectInputEvents = YES;
				INFOPLIST_KEY_UILaunchScreen_Generation = YES;
				INFOPLIST_KEY_UISupportedInterfaceOrientations_iPad = "UIInterfaceOrientationPortrait UIInterfaceOrientationPortraitUpsideDown UIInterfaceOrientationLandscapeLeft UIInterfaceOrientationLandscapeRight";
				INFOPLIST_KEY_UISupportedInterfaceOrientations_iPhone = "UIInterfaceOrientationPortrait UIInterfaceOrientationLandscapeLeft UIInterfaceOrientationLandscapeRight";
				LD_RUNPATH_SEARCH_PATHS = (
					"$(inherited)",
					"@executable_path/Frameworks",
				);
				MARKETING_VERSION = 1.0;
				PRODUCT_BUNDLE_IDENTIFIER = com.upjv.master2.miage.PIMonteCarlo;
				PRODUCT_NAME = "$(TARGET_NAME)";
				SWIFT_EMIT_LOC_STRINGS = YES;
				SWIFT_VERSION = 5.0;
				TARGETED_DEVICE_FAMILY = "1,2";
			};
			name = Debug;
		};
		A8CF85392B2F009700184FED /* Release */ = {
			isa = XCBuildConfiguration;
			buildSettings = {
				ASSETCATALOG_COMPILER_APPICON_NAME = AppIcon;
				ASSETCATALOG_COMPILER_GLOBAL_ACCENT_COLOR_NAME = AccentColor;
				CODE_SIGN_STYLE = Automatic;
				CURRENT_PROJECT_VERSION = 1;
				DEVELOPMENT_ASSET_PATHS = "\"PIMonteCarlo/Preview Content\"";
				DEVELOPMENT_TEAM = MBL5ZG7XB9;
				ENABLE_PREVIEWS = YES;
				GENERATE_INFOPLIST_FILE = YES;
				INFOPLIST_KEY_UIApplicationSceneManifest_Generation = YES;
				INFOPLIST_KEY_UIApplicationSupportsIndirectInputEvents = YES;
				INFOPLIST_KEY_UILaunchScreen_Generation = YES;
				INFOPLIST_KEY_UISupportedInterfaceOrientations_iPad = "UIInterfaceOrientationPortrait UIInterfaceOrientationPortraitUpsideDown UIInterfaceOrientationLandscapeLeft UIInterfaceOrientationLandscapeRight";
				INFOPLIST_KEY_UISupportedInterfaceOrientations_iPhone = "UIInterfaceOrientationPortrait UIInterfaceOrientationLandscapeLeft UIInterfaceOrientationLandscapeRight";
				LD_RUNPATH_SEARCH_PATHS = (
					"$(inherited)",
					"@executable_path/Frameworks",
				);
				MARKETING_VERSION = 1.0;
				PRODUCT_BUNDLE_IDENTIFIER = com.upjv.master2.miage.PIMonteCarlo;
				PRODUCT_NAME = "$(TARGET_NAME)";
				SWIFT_EMIT_LOC_STRINGS = YES;
				SWIFT_VERSION = 5.0;
				TARGETED_DEVICE_FAMILY = "1,2";
			};
			name = Release;
		};
/* End XCBuildConfiguration section */

/* Begin XCConfigurationList section */
		A8CF85222B2F009500184FED /* Build configuration list for PBXProject "PIMonteCarlo" */ = {
			isa = XCConfigurationList;
			buildConfigurations = (
				A8CF85352B2F009700184FED /* Debug */,
				A8CF85362B2F009700184FED /* Release */,
			);
			defaultConfigurationIsVisible = 0;
			defaultConfigurationName = Release;
		};
		A8CF85372B2F009700184FED /* Build configuration list for PBXNativeTarget "PIMonteCarlo" */ = {
			isa = XCConfigurationList;
			buildConfigurations = (
				A8CF85382B2F009700184FED /* Debug */,
				A8CF85392B2F009700184FED /* Release */,
			);
			defaultConfigurationIsVisible = 0;
			defaultConfigurationName = Release;
		};
/* End XCConfigurationList section */

/* Begin XCVersionGroup section */
		A86248DB2B320F8C00B75703 /* CoreDataPi.xcdatamodeld */ = {
			isa = XCVersionGroup;
			children = (
				A86248DC2B320F8C00B75703 /* CoreDataPi.xcdatamodel */,
			);
			currentVersion = A86248DC2B320F8C00B75703 /* CoreDataPi.xcdatamodel */;
			path = CoreDataPi.xcdatamodeld;
			sourceTree = "<group>";
			versionGroupType = wrapper.xcdatamodel;
		};
/* End XCVersionGroup section */
	};
	rootObject = A8CF851F2B2F009500184FED /* Project object */;
}
